// !$*UTF8*$!
{
	archiveVersion = 1;
	classes = {
	};
	objectVersion = 46;
	objects = {

/* Begin PBXBuildFile section */
		6E495C5C1D14FBE4000E35E7 /* Foundation+Log.m in Sources */ = {isa = PBXBuildFile; fileRef = 6E495C5B1D14FBE4000E35E7 /* Foundation+Log.m */; };
		6E495C7D1D154DFA000E35E7 /* LICENSE in Resources */ = {isa = PBXBuildFile; fileRef = 6E495C611D154DFA000E35E7 /* LICENSE */; };
		6E495C7E1D154DFA000E35E7 /* MASCompositeConstraint.m in Sources */ = {isa = PBXBuildFile; fileRef = 6E495C641D154DFA000E35E7 /* MASCompositeConstraint.m */; };
		6E495C7F1D154DFA000E35E7 /* MASConstraint.m in Sources */ = {isa = PBXBuildFile; fileRef = 6E495C671D154DFA000E35E7 /* MASConstraint.m */; };
		6E495C801D154DFA000E35E7 /* MASConstraintMaker.m in Sources */ = {isa = PBXBuildFile; fileRef = 6E495C691D154DFA000E35E7 /* MASConstraintMaker.m */; };
		6E495C811D154DFA000E35E7 /* MASLayoutConstraint.m in Sources */ = {isa = PBXBuildFile; fileRef = 6E495C6B1D154DFA000E35E7 /* MASLayoutConstraint.m */; };
		6E495C821D154DFA000E35E7 /* MASViewAttribute.m in Sources */ = {isa = PBXBuildFile; fileRef = 6E495C6F1D154DFA000E35E7 /* MASViewAttribute.m */; };
		6E495C831D154DFA000E35E7 /* MASViewConstraint.m in Sources */ = {isa = PBXBuildFile; fileRef = 6E495C711D154DFA000E35E7 /* MASViewConstraint.m */; };
		6E495C841D154DFA000E35E7 /* NSArray+MASAdditions.m in Sources */ = {isa = PBXBuildFile; fileRef = 6E495C731D154DFA000E35E7 /* NSArray+MASAdditions.m */; };
		6E495C851D154DFA000E35E7 /* NSLayoutConstraint+MASDebugAdditions.m in Sources */ = {isa = PBXBuildFile; fileRef = 6E495C761D154DFA000E35E7 /* NSLayoutConstraint+MASDebugAdditions.m */; };
		6E495C861D154DFA000E35E7 /* View+MASAdditions.m in Sources */ = {isa = PBXBuildFile; fileRef = 6E495C781D154DFA000E35E7 /* View+MASAdditions.m */; };
		6E495C871D154DFA000E35E7 /* ViewController+MASAdditions.m in Sources */ = {isa = PBXBuildFile; fileRef = 6E495C7B1D154DFA000E35E7 /* ViewController+MASAdditions.m */; };
		6E495C881D154DFA000E35E7 /* README.md in Sources */ = {isa = PBXBuildFile; fileRef = 6E495C7C1D154DFA000E35E7 /* README.md */; };
		6E495CDA1D163672000E35E7 /* CCLChartView.m in Sources */ = {isa = PBXBuildFile; fileRef = 6E495CD91D163672000E35E7 /* CCLChartView.m */; };
		6ECCD2EE1D13A43B003B9267 /* main.m in Sources */ = {isa = PBXBuildFile; fileRef = 6ECCD2ED1D13A43B003B9267 /* main.m */; };
		6ECCD2F11D13A43B003B9267 /* AppDelegate.m in Sources */ = {isa = PBXBuildFile; fileRef = 6ECCD2F01D13A43B003B9267 /* AppDelegate.m */; };
		6ECCD2F71D13A43B003B9267 /* Main.storyboard in Resources */ = {isa = PBXBuildFile; fileRef = 6ECCD2F51D13A43B003B9267 /* Main.storyboard */; };
		6ECCD2FA1D13A43B003B9267 /* LTHJ_Questons_chart.xcdatamodeld in Sources */ = {isa = PBXBuildFile; fileRef = 6ECCD2F81D13A43B003B9267 /* LTHJ_Questons_chart.xcdatamodeld */; };
		6ECCD2FC1D13A43B003B9267 /* Assets.xcassets in Resources */ = {isa = PBXBuildFile; fileRef = 6ECCD2FB1D13A43B003B9267 /* Assets.xcassets */; };
		6ECCD2FF1D13A43B003B9267 /* LaunchScreen.storyboard in Resources */ = {isa = PBXBuildFile; fileRef = 6ECCD2FD1D13A43B003B9267 /* LaunchScreen.storyboard */; };
		6ECCD3191D13B2EE003B9267 /* ViewController.m in Sources */ = {isa = PBXBuildFile; fileRef = 6ECCD30F1D13B2EE003B9267 /* ViewController.m */; };
		6ECCD31A1D13B2EE003B9267 /* CCLChartModel.m in Sources */ = {isa = PBXBuildFile; fileRef = 6ECCD3131D13B2EE003B9267 /* CCLChartModel.m */; };
		6ECCD31E1D13B9FF003B9267 /* CCLChartContentView.m in Sources */ = {isa = PBXBuildFile; fileRef = 6ECCD31D1D13B9FF003B9267 /* CCLChartContentView.m */; };
/* End PBXBuildFile section */

/* Begin PBXFileReference section */
		6E495C5B1D14FBE4000E35E7 /* Foundation+Log.m */ = {isa = PBXFileReference; fileEncoding = 4; lastKnownFileType = sourcecode.c.objc; path = "Foundation+Log.m"; sourceTree = "<group>"; };
		6E495C611D154DFA000E35E7 /* LICENSE */ = {isa = PBXFileReference; fileEncoding = 4; lastKnownFileType = text; path = LICENSE; sourceTree = "<group>"; };
		6E495C631D154DFA000E35E7 /* MASCompositeConstraint.h */ = {isa = PBXFileReference; fileEncoding = 4; lastKnownFileType = sourcecode.c.h; path = MASCompositeConstraint.h; sourceTree = "<group>"; };
		6E495C641D154DFA000E35E7 /* MASCompositeConstraint.m */ = {isa = PBXFileReference; fileEncoding = 4; lastKnownFileType = sourcecode.c.objc; path = MASCompositeConstraint.m; sourceTree = "<group>"; };
		6E495C651D154DFA000E35E7 /* MASConstraint+Private.h */ = {isa = PBXFileReference; fileEncoding = 4; lastKnownFileType = sourcecode.c.h; path = "MASConstraint+Private.h"; sourceTree = "<group>"; };
		6E495C661D154DFA000E35E7 /* MASConstraint.h */ = {isa = PBXFileReference; fileEncoding = 4; lastKnownFileType = sourcecode.c.h; path = MASConstraint.h; sourceTree = "<group>"; };
		6E495C671D154DFA000E35E7 /* MASConstraint.m */ = {isa = PBXFileReference; fileEncoding = 4; lastKnownFileType = sourcecode.c.objc; path = MASConstraint.m; sourceTree = "<group>"; };
		6E495C681D154DFA000E35E7 /* MASConstraintMaker.h */ = {isa = PBXFileReference; fileEncoding = 4; lastKnownFileType = sourcecode.c.h; path = MASConstraintMaker.h; sourceTree = "<group>"; };
		6E495C691D154DFA000E35E7 /* MASConstraintMaker.m */ = {isa = PBXFileReference; fileEncoding = 4; lastKnownFileType = sourcecode.c.objc; path = MASConstraintMaker.m; sourceTree = "<group>"; };
		6E495C6A1D154DFA000E35E7 /* MASLayoutConstraint.h */ = {isa = PBXFileReference; fileEncoding = 4; lastKnownFileType = sourcecode.c.h; path = MASLayoutConstraint.h; sourceTree = "<group>"; };
		6E495C6B1D154DFA000E35E7 /* MASLayoutConstraint.m */ = {isa = PBXFileReference; fileEncoding = 4; lastKnownFileType = sourcecode.c.objc; path = MASLayoutConstraint.m; sourceTree = "<group>"; };
		6E495C6C1D154DFA000E35E7 /* Masonry.h */ = {isa = PBXFileReference; fileEncoding = 4; lastKnownFileType = sourcecode.c.h; path = Masonry.h; sourceTree = "<group>"; };
		6E495C6D1D154DFA000E35E7 /* MASUtilities.h */ = {isa = PBXFileReference; fileEncoding = 4; lastKnownFileType = sourcecode.c.h; path = MASUtilities.h; sourceTree = "<group>"; };
		6E495C6E1D154DFA000E35E7 /* MASViewAttribute.h */ = {isa = PBXFileReference; fileEncoding = 4; lastKnownFileType = sourcecode.c.h; path = MASViewAttribute.h; sourceTree = "<group>"; };
		6E495C6F1D154DFA000E35E7 /* MASViewAttribute.m */ = {isa = PBXFileReference; fileEncoding = 4; lastKnownFileType = sourcecode.c.objc; path = MASViewAttribute.m; sourceTree = "<group>"; };
		6E495C701D154DFA000E35E7 /* MASViewConstraint.h */ = {isa = PBXFileReference; fileEncoding = 4; lastKnownFileType = sourcecode.c.h; path = MASViewConstraint.h; sourceTree = "<group>"; };
		6E495C711D154DFA000E35E7 /* MASViewConstraint.m */ = {isa = PBXFileReference; fileEncoding = 4; lastKnownFileType = sourcecode.c.objc; path = MASViewConstraint.m; sourceTree = "<group>"; };
		6E495C721D154DFA000E35E7 /* NSArray+MASAdditions.h */ = {isa = PBXFileReference; fileEncoding = 4; lastKnownFileType = sourcecode.c.h; path = "NSArray+MASAdditions.h"; sourceTree = "<group>"; };
		6E495C731D154DFA000E35E7 /* NSArray+MASAdditions.m */ = {isa = PBXFileReference; fileEncoding = 4; lastKnownFileType = sourcecode.c.objc; path = "NSArray+MASAdditions.m"; sourceTree = "<group>"; };
		6E495C741D154DFA000E35E7 /* NSArray+MASShorthandAdditions.h */ = {isa = PBXFileReference; fileEncoding = 4; lastKnownFileType = sourcecode.c.h; path = "NSArray+MASShorthandAdditions.h"; sourceTree = "<group>"; };
		6E495C751D154DFA000E35E7 /* NSLayoutConstraint+MASDebugAdditions.h */ = {isa = PBXFileReference; fileEncoding = 4; lastKnownFileType = sourcecode.c.h; path = "NSLayoutConstraint+MASDebugAdditions.h"; sourceTree = "<group>"; };
		6E495C761D154DFA000E35E7 /* NSLayoutConstraint+MASDebugAdditions.m */ = {isa = PBXFileReference; fileEncoding = 4; lastKnownFileType = sourcecode.c.objc; path = "NSLayoutConstraint+MASDebugAdditions.m"; sourceTree = "<group>"; };
		6E495C771D154DFA000E35E7 /* View+MASAdditions.h */ = {isa = PBXFileReference; fileEncoding = 4; lastKnownFileType = sourcecode.c.h; path = "View+MASAdditions.h"; sourceTree = "<group>"; };
		6E495C781D154DFA000E35E7 /* View+MASAdditions.m */ = {isa = PBXFileReference; fileEncoding = 4; lastKnownFileType = sourcecode.c.objc; path = "View+MASAdditions.m"; sourceTree = "<group>"; };
		6E495C791D154DFA000E35E7 /* View+MASShorthandAdditions.h */ = {isa = PBXFileReference; fileEncoding = 4; lastKnownFileType = sourcecode.c.h; path = "View+MASShorthandAdditions.h"; sourceTree = "<group>"; };
		6E495C7A1D154DFA000E35E7 /* ViewController+MASAdditions.h */ = {isa = PBXFileReference; fileEncoding = 4; lastKnownFileType = sourcecode.c.h; path = "ViewController+MASAdditions.h"; sourceTree = "<group>"; };
		6E495C7B1D154DFA000E35E7 /* ViewController+MASAdditions.m */ = {isa = PBXFileReference; fileEncoding = 4; lastKnownFileType = sourcecode.c.objc; path = "ViewController+MASAdditions.m"; sourceTree = "<group>"; };
		6E495C7C1D154DFA000E35E7 /* README.md */ = {isa = PBXFileReference; fileEncoding = 4; lastKnownFileType = net.daringfireball.markdown; path = README.md; sourceTree = "<group>"; };
		6E495CD81D163672000E35E7 /* CCLChartView.h */ = {isa = PBXFileReference; fileEncoding = 4; lastKnownFileType = sourcecode.c.h; path = CCLChartView.h; sourceTree = "<group>"; };
		6E495CD91D163672000E35E7 /* CCLChartView.m */ = {isa = PBXFileReference; fileEncoding = 4; lastKnownFileType = sourcecode.c.objc; path = CCLChartView.m; sourceTree = "<group>"; };
		6ECCD2E91D13A43B003B9267 /* LTHJ_Questons_chart.app */ = {isa = PBXFileReference; explicitFileType = wrapper.application; includeInIndex = 0; path = LTHJ_Questons_chart.app; sourceTree = BUILT_PRODUCTS_DIR; };
		6ECCD2ED1D13A43B003B9267 /* main.m */ = {isa = PBXFileReference; lastKnownFileType = sourcecode.c.objc; path = main.m; sourceTree = "<group>"; };
		6ECCD2EF1D13A43B003B9267 /* AppDelegate.h */ = {isa = PBXFileReference; lastKnownFileType = sourcecode.c.h; path = AppDelegate.h; sourceTree = "<group>"; };
		6ECCD2F01D13A43B003B9267 /* AppDelegate.m */ = {isa = PBXFileReference; lastKnownFileType = sourcecode.c.objc; path = AppDelegate.m; sourceTree = "<group>"; };
		6ECCD2F61D13A43B003B9267 /* Base */ = {isa = PBXFileReference; lastKnownFileType = file.storyboard; name = Base; path = Base.lproj/Main.storyboard; sourceTree = "<group>"; };
		6ECCD2F91D13A43B003B9267 /* LTHJ_Questons_chart.xcdatamodel */ = {isa = PBXFileReference; lastKnownFileType = wrapper.xcdatamodel; path = LTHJ_Questons_chart.xcdatamodel; sourceTree = "<group>"; };
		6ECCD2FB1D13A43B003B9267 /* Assets.xcassets */ = {isa = PBXFileReference; lastKnownFileType = folder.assetcatalog; path = Assets.xcassets; sourceTree = "<group>"; };
		6ECCD2FE1D13A43B003B9267 /* Base */ = {isa = PBXFileReference; lastKnownFileType = file.storyboard; name = Base; path = Base.lproj/LaunchScreen.storyboard; sourceTree = "<group>"; };
		6ECCD3001D13A43B003B9267 /* Info.plist */ = {isa = PBXFileReference; lastKnownFileType = text.plist.xml; path = Info.plist; sourceTree = "<group>"; };
		6ECCD30E1D13B2EE003B9267 /* ViewController.h */ = {isa = PBXFileReference; fileEncoding = 4; lastKnownFileType = sourcecode.c.h; path = ViewController.h; sourceTree = "<group>"; };
		6ECCD30F1D13B2EE003B9267 /* ViewController.m */ = {isa = PBXFileReference; fileEncoding = 4; lastKnownFileType = sourcecode.c.objc; path = ViewController.m; sourceTree = "<group>"; };
		6ECCD3121D13B2EE003B9267 /* CCLChartModel.h */ = {isa = PBXFileReference; fileEncoding = 4; lastKnownFileType = sourcecode.c.h; path = CCLChartModel.h; sourceTree = "<group>"; };
		6ECCD3131D13B2EE003B9267 /* CCLChartModel.m */ = {isa = PBXFileReference; fileEncoding = 4; lastKnownFileType = sourcecode.c.objc; path = CCLChartModel.m; sourceTree = "<group>"; };
		6ECCD31C1D13B9FF003B9267 /* CCLChartContentView.h */ = {isa = PBXFileReference; fileEncoding = 4; lastKnownFileType = sourcecode.c.h; path = CCLChartContentView.h; sourceTree = "<group>"; };
		6ECCD31D1D13B9FF003B9267 /* CCLChartContentView.m */ = {isa = PBXFileReference; fileEncoding = 4; lastKnownFileType = sourcecode.c.objc; path = CCLChartContentView.m; sourceTree = "<group>"; };
/* End PBXFileReference section */

/* Begin PBXFrameworksBuildPhase section */
		6ECCD2E61D13A43B003B9267 /* Frameworks */ = {
			isa = PBXFrameworksBuildPhase;
			buildActionMask = 2147483647;
			files = (
			);
			runOnlyForDeploymentPostprocessing = 0;
		};
/* End PBXFrameworksBuildPhase section */

/* Begin PBXGroup section */
		6E495C601D154DFA000E35E7 /* Masonry */ = {
			isa = PBXGroup;
			children = (
				6E495C611D154DFA000E35E7 /* LICENSE */,
				6E495C621D154DFA000E35E7 /* Masonry */,
				6E495C7C1D154DFA000E35E7 /* README.md */,
			);
			path = Masonry;
			sourceTree = "<group>";
		};
		6E495C621D154DFA000E35E7 /* Masonry */ = {
			isa = PBXGroup;
			children = (
				6E495C631D154DFA000E35E7 /* MASCompositeConstraint.h */,
				6E495C641D154DFA000E35E7 /* MASCompositeConstraint.m */,
				6E495C651D154DFA000E35E7 /* MASConstraint+Private.h */,
				6E495C661D154DFA000E35E7 /* MASConstraint.h */,
				6E495C671D154DFA000E35E7 /* MASConstraint.m */,
				6E495C681D154DFA000E35E7 /* MASConstraintMaker.h */,
				6E495C691D154DFA000E35E7 /* MASConstraintMaker.m */,
				6E495C6A1D154DFA000E35E7 /* MASLayoutConstraint.h */,
				6E495C6B1D154DFA000E35E7 /* MASLayoutConstraint.m */,
				6E495C6C1D154DFA000E35E7 /* Masonry.h */,
				6E495C6D1D154DFA000E35E7 /* MASUtilities.h */,
				6E495C6E1D154DFA000E35E7 /* MASViewAttribute.h */,
				6E495C6F1D154DFA000E35E7 /* MASViewAttribute.m */,
				6E495C701D154DFA000E35E7 /* MASViewConstraint.h */,
				6E495C711D154DFA000E35E7 /* MASViewConstraint.m */,
				6E495C721D154DFA000E35E7 /* NSArray+MASAdditions.h */,
				6E495C731D154DFA000E35E7 /* NSArray+MASAdditions.m */,
				6E495C741D154DFA000E35E7 /* NSArray+MASShorthandAdditions.h */,
				6E495C751D154DFA000E35E7 /* NSLayoutConstraint+MASDebugAdditions.h */,
				6E495C761D154DFA000E35E7 /* NSLayoutConstraint+MASDebugAdditions.m */,
				6E495C771D154DFA000E35E7 /* View+MASAdditions.h */,
				6E495C781D154DFA000E35E7 /* View+MASAdditions.m */,
				6E495C791D154DFA000E35E7 /* View+MASShorthandAdditions.h */,
				6E495C7A1D154DFA000E35E7 /* ViewController+MASAdditions.h */,
				6E495C7B1D154DFA000E35E7 /* ViewController+MASAdditions.m */,
			);
			path = Masonry;
			sourceTree = "<group>";
		};
		6ECCD2E01D13A43B003B9267 = {
			isa = PBXGroup;
			children = (
				6ECCD2EB1D13A43B003B9267 /* LTHJ_Questons_chart */,
				6ECCD2EA1D13A43B003B9267 /* Products */,
			);
			sourceTree = "<group>";
		};
		6ECCD2EA1D13A43B003B9267 /* Products */ = {
			isa = PBXGroup;
			children = (
				6ECCD2E91D13A43B003B9267 /* LTHJ_Questons_chart.app */,
			);
			name = Products;
			sourceTree = "<group>";
		};
		6ECCD2EB1D13A43B003B9267 /* LTHJ_Questons_chart */ = {
			isa = PBXGroup;
			children = (
				6ECCD3101D13B2EE003B9267 /* Lib */,
				6ECCD2EF1D13A43B003B9267 /* AppDelegate.h */,
				6ECCD2F01D13A43B003B9267 /* AppDelegate.m */,
				6ECCD3151D13B2EE003B9267 /* View */,
				6ECCD30D1D13B2EE003B9267 /* Controllers */,
				6EF7A81D1D24A4C500BF60F3 /* source */,
				6ECCD2EC1D13A43B003B9267 /* Supporting Files */,
			);
			path = LTHJ_Questons_chart;
			sourceTree = "<group>";
		};
		6ECCD2EC1D13A43B003B9267 /* Supporting Files */ = {
			isa = PBXGroup;
			children = (
				6ECCD2ED1D13A43B003B9267 /* main.m */,
				6ECCD3001D13A43B003B9267 /* Info.plist */,
				6ECCD2F81D13A43B003B9267 /* LTHJ_Questons_chart.xcdatamodeld */,
			);
			name = "Supporting Files";
			sourceTree = "<group>";
		};
		6ECCD30D1D13B2EE003B9267 /* Controllers */ = {
			isa = PBXGroup;
			children = (
				6ECCD30E1D13B2EE003B9267 /* ViewController.h */,
				6ECCD30F1D13B2EE003B9267 /* ViewController.m */,
			);
			path = Controllers;
			sourceTree = "<group>";
		};
		6ECCD3101D13B2EE003B9267 /* Lib */ = {
			isa = PBXGroup;
			children = (
				6E495C601D154DFA000E35E7 /* Masonry */,
				6E495C5B1D14FBE4000E35E7 /* Foundation+Log.m */,
			);
			path = Lib;
			sourceTree = "<group>";
		};
		6ECCD3111D13B2EE003B9267 /* Model */ = {
			isa = PBXGroup;
			children = (
				6ECCD3121D13B2EE003B9267 /* CCLChartModel.h */,
				6ECCD3131D13B2EE003B9267 /* CCLChartModel.m */,
			);
			name = Model;
			path = ../Model;
			sourceTree = "<group>";
		};
		6ECCD3151D13B2EE003B9267 /* View */ = {
			isa = PBXGroup;
			children = (
				6ECCD3111D13B2EE003B9267 /* Model */,
				6E495CD81D163672000E35E7 /* CCLChartView.h */,
				6E495CD91D163672000E35E7 /* CCLChartView.m */,
				6ECCD31C1D13B9FF003B9267 /* CCLChartContentView.h */,
				6ECCD31D1D13B9FF003B9267 /* CCLChartContentView.m */,
			);
			path = View;
			sourceTree = "<group>";
		};
		6EF7A81D1D24A4C500BF60F3 /* source */ = {
			isa = PBXGroup;
			children = (
				6ECCD2F51D13A43B003B9267 /* Main.storyboard */,
				6ECCD2FB1D13A43B003B9267 /* Assets.xcassets */,
				6ECCD2FD1D13A43B003B9267 /* LaunchScreen.storyboard */,
			);
			name = source;
			sourceTree = "<group>";
		};
/* End PBXGroup section */

/* Begin PBXNativeTarget section */
		6ECCD2E81D13A43B003B9267 /* LTHJ_Questons_chart */ = {
			isa = PBXNativeTarget;
			buildConfigurationList = 6ECCD3031D13A43B003B9267 /* Build configuration list for PBXNativeTarget "LTHJ_Questons_chart" */;
			buildPhases = (
				6ECCD2E51D13A43B003B9267 /* Sources */,
				6ECCD2E61D13A43B003B9267 /* Frameworks */,
				6ECCD2E71D13A43B003B9267 /* Resources */,
			);
			buildRules = (
			);
			dependencies = (
			);
			name = LTHJ_Questons_chart;
			productName = LTHJ_Questons_chart;
			productReference = 6ECCD2E91D13A43B003B9267 /* LTHJ_Questons_chart.app */;
			productType = "com.apple.product-type.application";
		};
/* End PBXNativeTarget section */

/* Begin PBXProject section */
		6ECCD2E11D13A43B003B9267 /* Project object */ = {
			isa = PBXProject;
			attributes = {
				LastUpgradeCheck = 0710;
				ORGANIZATIONNAME = CAICL;
				TargetAttributes = {
					6ECCD2E81D13A43B003B9267 = {
						CreatedOnToolsVersion = 7.1;
					};
				};
			};
			buildConfigurationList = 6ECCD2E41D13A43B003B9267 /* Build configuration list for PBXProject "LTHJ_Questons_chart" */;
			compatibilityVersion = "Xcode 3.2";
			developmentRegion = English;
			hasScannedForEncodings = 0;
			knownRegions = (
				en,
				Base,
			);
			mainGroup = 6ECCD2E01D13A43B003B9267;
			productRefGroup = 6ECCD2EA1D13A43B003B9267 /* Products */;
			projectDirPath = "";
			projectRoot = "";
			targets = (
				6ECCD2E81D13A43B003B9267 /* LTHJ_Questons_chart */,
			);
		};
/* End PBXProject section */

/* Begin PBXResourcesBuildPhase section */
		6ECCD2E71D13A43B003B9267 /* Resources */ = {
			isa = PBXResourcesBuildPhase;
			buildActionMask = 2147483647;
			files = (
				6ECCD2FF1D13A43B003B9267 /* LaunchScreen.storyboard in Resources */,
				6ECCD2FC1D13A43B003B9267 /* Assets.xcassets in Resources */,
				6E495C7D1D154DFA000E35E7 /* LICENSE in Resources */,
				6ECCD2F71D13A43B003B9267 /* Main.storyboard in Resources */,
			);
			runOnlyForDeploymentPostprocessing = 0;
		};
/* End PBXResourcesBuildPhase section */

/* Begin PBXSourcesBuildPhase section */
		6ECCD2E51D13A43B003B9267 /* Sources */ = {
			isa = PBXSourcesBuildPhase;
			buildActionMask = 2147483647;
			files = (
				6E495C831D154DFA000E35E7 /* MASViewConstraint.m in Sources */,
				6ECCD31E1D13B9FF003B9267 /* CCLChartContentView.m in Sources */,
				6E495C881D154DFA000E35E7 /* README.md in Sources */,
				6E495C821D154DFA000E35E7 /* MASViewAttribute.m in Sources */,
				6ECCD2FA1D13A43B003B9267 /* LTHJ_Questons_chart.xcdatamodeld in Sources */,
				6ECCD3191D13B2EE003B9267 /* ViewController.m in Sources */,
				6E495CDA1D163672000E35E7 /* CCLChartView.m in Sources */,
				6E495C7E1D154DFA000E35E7 /* MASCompositeConstraint.m in Sources */,
				6E495C801D154DFA000E35E7 /* MASConstraintMaker.m in Sources */,
				6E495C861D154DFA000E35E7 /* View+MASAdditions.m in Sources */,
				6E495C811D154DFA000E35E7 /* MASLayoutConstraint.m in Sources */,
				6E495C871D154DFA000E35E7 /* ViewController+MASAdditions.m in Sources */,
				6E495C7F1D154DFA000E35E7 /* MASConstraint.m in Sources */,
				6ECCD2F11D13A43B003B9267 /* AppDelegate.m in Sources */,
				6E495C841D154DFA000E35E7 /* NSArray+MASAdditions.m in Sources */,
				6E495C851D154DFA000E35E7 /* NSLayoutConstraint+MASDebugAdditions.m in Sources */,
				6ECCD2EE1D13A43B003B9267 /* main.m in Sources */,
				6ECCD31A1D13B2EE003B9267 /* CCLChartModel.m in Sources */,
				6E495C5C1D14FBE4000E35E7 /* Foundation+Log.m in Sources */,
			);
			runOnlyForDeploymentPostprocessing = 0;
		};
/* End PBXSourcesBuildPhase section */

/* Begin PBXVariantGroup section */
		6ECCD2F51D13A43B003B9267 /* Main.storyboard */ = {
			isa = PBXVariantGroup;
			children = (
				6ECCD2F61D13A43B003B9267 /* Base */,
			);
			name = Main.storyboard;
			sourceTree = "<group>";
		};
		6ECCD2FD1D13A43B003B9267 /* LaunchScreen.storyboard */ = {
			isa = PBXVariantGroup;
			children = (
				6ECCD2FE1D13A43B003B9267 /* Base */,
			);
			name = LaunchScreen.storyboard;
			sourceTree = "<group>";
		};
/* End PBXVariantGroup section */

/* Begin XCBuildConfiguration section */
		6ECCD3011D13A43B003B9267 /* Debug */ = {
			isa = XCBuildConfiguration;
			buildSettings = {
				ALWAYS_SEARCH_USER_PATHS = NO;
				CLANG_CXX_LANGUAGE_STANDARD = "gnu++0x";
				CLANG_CXX_LIBRARY = "libc++";
				CLANG_ENABLE_MODULES = YES;
				CLANG_ENABLE_OBJC_ARC = YES;
				CLANG_WARN_BOOL_CONVERSION = YES;
				CLANG_WARN_CONSTANT_CONVERSION = YES;
				CLANG_WARN_DIRECT_OBJC_ISA_USAGE = YES_ERROR;
				CLANG_WARN_EMPTY_BODY = YES;
				CLANG_WARN_ENUM_CONVERSION = YES;
				CLANG_WARN_INT_CONVERSION = YES;
				CLANG_WARN_OBJC_ROOT_CLASS = YES_ERROR;
				CLANG_WARN_UNREACHABLE_CODE = YES;
				CLANG_WARN__DUPLICATE_METHOD_MATCH = YES;
				"CODE_SIGN_IDENTITY[sdk=iphoneos*]" = "iPhone Developer";
				COPY_PHASE_STRIP = NO;
				DEBUG_INFORMATION_FORMAT = dwarf;
				ENABLE_STRICT_OBJC_MSGSEND = YES;
				ENABLE_TESTABILITY = YES;
				GCC_C_LANGUAGE_STANDARD = gnu99;
				GCC_DYNAMIC_NO_PIC = NO;
				GCC_NO_COMMON_BLOCKS = YES;
				GCC_OPTIMIZATION_LEVEL = 0;
				GCC_PREPROCESSOR_DEFINITIONS = (
					"DEBUG=1",
					"$(inherited)",
				);
				GCC_WARN_64_TO_32_BIT_CONVERSION = YES;
				GCC_WARN_ABOUT_RETURN_TYPE = YES_ERROR;
				GCC_WARN_UNDECLARED_SELECTOR = YES;
				GCC_WARN_UNINITIALIZED_AUTOS = YES_AGGRESSIVE;
				GCC_WARN_UNUSED_FUNCTION = YES;
				GCC_WARN_UNUSED_VARIABLE = YES;
				IPHONEOS_DEPLOYMENT_TARGET = 9.1;
				MTL_ENABLE_DEBUG_INFO = YES;
				ONLY_ACTIVE_ARCH = YES;
				SDKROOT = iphoneos;
			};
			name = Debug;
		};
		6ECCD3021D13A43B003B9267 /* Release */ = {
			isa = XCBuildConfiguration;
			buildSettings = {
				ALWAYS_SEARCH_USER_PATHS = NO;
				CLANG_CXX_LANGUAGE_STANDARD = "gnu++0x";
				CLANG_CXX_LIBRARY = "libc++";
				CLANG_ENABLE_MODULES = YES;
				CLANG_ENABLE_OBJC_ARC = YES;
				CLANG_WARN_BOOL_CONVERSION = YES;
				CLANG_WARN_CONSTANT_CONVERSION = YES;
				CLANG_WARN_DIRECT_OBJC_ISA_USAGE = YES_ERROR;
				CLANG_WARN_EMPTY_BODY = YES;
				CLANG_WARN_ENUM_CONVERSION = YES;
				CLANG_WARN_INT_CONVERSION = YES;
				CLANG_WARN_OBJC_ROOT_CLASS = YES_ERROR;
				CLANG_WARN_UNREACHABLE_CODE = YES;
				CLANG_WARN__DUPLICATE_METHOD_MATCH = YES;
				"CODE_SIGN_IDENTITY[sdk=iphoneos*]" = "iPhone Developer";
				COPY_PHASE_STRIP = NO;
				DEBUG_INFORMATION_FORMAT = "dwarf-with-dsym";
				ENABLE_NS_ASSERTIONS = NO;
				ENABLE_STRICT_OBJC_MSGSEND = YES;
				GCC_C_LANGUAGE_STANDARD = gnu99;
				GCC_NO_COMMON_BLOCKS = YES;
				GCC_WARN_64_TO_32_BIT_CONVERSION = YES;
				GCC_WARN_ABOUT_RETURN_TYPE = YES_ERROR;
				GCC_WARN_UNDECLARED_SELECTOR = YES;
				GCC_WARN_UNINITIALIZED_AUTOS = YES_AGGRESSIVE;
				GCC_WARN_UNUSED_FUNCTION = YES;
				GCC_WARN_UNUSED_VARIABLE = YES;
				IPHONEOS_DEPLOYMENT_TARGET = 9.1;
				MTL_ENABLE_DEBUG_INFO = NO;
				SDKROOT = iphoneos;
				VALIDATE_PRODUCT = YES;
			};
			name = Release;
		};
		6ECCD3041D13A43B003B9267 /* Debug */ = {
			isa = XCBuildConfiguration;
			buildSettings = {
				ASSETCATALOG_COMPILER_APPICON_NAME = AppIcon;
				INFOPLIST_FILE = LTHJ_Questons_chart/Info.plist;
				LD_RUNPATH_SEARCH_PATHS = "$(inherited) @executable_path/Frameworks";
				PRODUCT_BUNDLE_IDENTIFIER = "com.ccl.LTHJ-Questons-chart";
				PRODUCT_NAME = "$(TARGET_NAME)";
			};
			name = Debug;
		};
		6ECCD3051D13A43B003B9267 /* Release */ = {
			isa = XCBuildConfiguration;
			buildSettings = {
				ASSETCATALOG_COMPILER_APPICON_NAME = AppIcon;
				INFOPLIST_FILE = LTHJ_Questons_chart/Info.plist;
				LD_RUNPATH_SEARCH_PATHS = "$(inherited) @executable_path/Frameworks";
				PRODUCT_BUNDLE_IDENTIFIER = "com.ccl.LTHJ-Questons-chart";
				PRODUCT_NAME = "$(TARGET_NAME)";
			};
			name = Release;
		};
/* End XCBuildConfiguration section */

/* Begin XCConfigurationList section */
		6ECCD2E41D13A43B003B9267 /* Build configuration list for PBXProject "LTHJ_Questons_chart" */ = {
			isa = XCConfigurationList;
			buildConfigurations = (
				6ECCD3011D13A43B003B9267 /* Debug */,
				6ECCD3021D13A43B003B9267 /* Release */,
			);
			defaultConfigurationIsVisible = 0;
			defaultConfigurationName = Release;
		};
		6ECCD3031D13A43B003B9267 /* Build configuration list for PBXNativeTarget "LTHJ_Questons_chart" */ = {
			isa = XCConfigurationList;
			buildConfigurations = (
				6ECCD3041D13A43B003B9267 /* Debug */,
				6ECCD3051D13A43B003B9267 /* Release */,
			);
			defaultConfigurationIsVisible = 0;
			defaultConfigurationName = Release;
		};
/* End XCConfigurationList section */

/* Begin XCVersionGroup section */
		6ECCD2F81D13A43B003B9267 /* LTHJ_Questons_chart.xcdatamodeld */ = {
			isa = XCVersionGroup;
			children = (
				6ECCD2F91D13A43B003B9267 /* LTHJ_Questons_chart.xcdatamodel */,
			);
			currentVersion = 6ECCD2F91D13A43B003B9267 /* LTHJ_Questons_chart.xcdatamodel */;
			path = LTHJ_Questons_chart.xcdatamodeld;
			sourceTree = "<group>";
			versionGroupType = wrapper.xcdatamodel;
		};
/* End XCVersionGroup section */
	};
	rootObject = 6ECCD2E11D13A43B003B9267 /* Project object */;
}
